
Microsoft Visual Studio Solution File, Format Version 12.00
# Visual Studio Version 16
VisualStudioVersion = 16.0.30517.126
MinimumVisualStudioVersion = 10.0.40219.1
Project("{FAE04EC0-301F-11D3-BF4B-00C04F79EFBC}") = "EjercicioClientes.Formularios", "EjercicioClientes.Formularios\EjercicioClientes.Formularios.csproj", "{AE1BBEA2-F344-4BB8-A510-510A9F6F6F3D}"
EndProject
Project("{FAE04EC0-301F-11D3-BF4B-00C04F79EFBC}") = "EjercicioClientes.Consola", "EjercicioClientes.Consola\EjercicioClientes.Consola.csproj", "{C201D38F-1BF7-4719-93E0-427D44BA1126}"
EndProject
Project("{FAE04EC0-301F-11D3-BF4B-00C04F79EFBC}") = "EjercicioClientes.Datos", "EjercicioConsola.Datos\EjercicioClientes.Datos.csproj", "{75659B24-6F92-4FFA-9C28-DEA7630F0103}"
EndProject
Project("{FAE04EC0-301F-11D3-BF4B-00C04F79EFBC}") = "EjercicioClientes.Entidades", "EjercicioClientes.Entidades\EjercicioClientes.Entidades.csproj", "{9C2AB119-0343-4A74-B29C-7167DA13FFE1}"
EndProject
Project("{FAE04EC0-301F-11D3-BF4B-00C04F79EFBC}") = "EjercicioClientes.Negocio", "EjercicioClientes.Negocio\EjercicioClientes.Negocio.csproj", "{A6C675CA-CA19-4E6F-9958-0756788EAA81}"
EndProject
Global
	GlobalSection(SolutionConfigurationPlatforms) = preSolution
		Debug|Any CPU = Debug|Any CPU
		Release|Any CPU = Release|Any CPU
	EndGlobalSection
	GlobalSection(ProjectConfigurationPlatforms) = postSolution
		{AE1BBEA2-F344-4BB8-A510-510A9F6F6F3D}.Debug|Any CPU.ActiveCfg = Debug|Any CPU
		{AE1BBEA2-F344-4BB8-A510-510A9F6F6F3D}.Debug|Any CPU.Build.0 = Debug|Any CPU
		{AE1BBEA2-F344-4BB8-A510-510A9F6F6F3D}.Release|Any CPU.ActiveCfg = Release|Any CPU
		{AE1BBEA2-F344-4BB8-A510-510A9F6F6F3D}.Release|Any CPU.Build.0 = Release|Any CPU
		{C201D38F-1BF7-4719-93E0-427D44BA1126}.Debug|Any CPU.ActiveCfg = Debug|Any CPU
		{C201D38F-1BF7-4719-93E0-427D44BA1126}.Debug|Any CPU.Build.0 = Debug|Any CPU
		{C201D38F-1BF7-4719-93E0-427D44BA1126}.Release|Any CPU.ActiveCfg = Release|Any CPU
		{C201D38F-1BF7-4719-93E0-427D44BA1126}.Release|Any CPU.Build.0 = Release|Any CPU
		{75659B24-6F92-4FFA-9C28-DEA7630F0103}.Debug|Any CPU.ActiveCfg = Debug|Any CPU
		{75659B24-6F92-4FFA-9C28-DEA7630F0103}.Debug|Any CPU.Build.0 = Debug|Any CPU
		{75659B24-6F92-4FFA-9C28-DEA7630F0103}.Release|Any CPU.ActiveCfg = Release|Any CPU
		{75659B24-6F92-4FFA-9C28-DEA7630F0103}.Release|Any CPU.Build.0 = Release|Any CPU
		{9C2AB119-0343-4A74-B29C-7167DA13FFE1}.Debug|Any CPU.ActiveCfg = Debug|Any CPU
		{9C2AB119-0343-4A74-B29C-7167DA13FFE1}.Debug|Any CPU.Build.0 = Debug|Any CPU
		{9C2AB119-0343-4A74-B29C-7167DA13FFE1}.Release|Any CPU.ActiveCfg = Release|Any CPU
		{9C2AB119-0343-4A74-B29C-7167DA13FFE1}.Release|Any CPU.Build.0 = Release|Any CPU
		{A6C675CA-CA19-4E6F-9958-0756788EAA81}.Debug|Any CPU.ActiveCfg = Debug|Any CPU
		{A6C675CA-CA19-4E6F-9958-0756788EAA81}.Debug|Any CPU.Build.0 = Debug|Any CPU
		{A6C675CA-CA19-4E6F-9958-0756788EAA81}.Release|Any CPU.ActiveCfg = Release|Any CPU
		{A6C675CA-CA19-4E6F-9958-0756788EAA81}.Release|Any CPU.Build.0 = Release|Any CPU
	EndGlobalSection
	GlobalSection(SolutionProperties) = preSolution
		HideSolutionNode = FALSE
	EndGlobalSection
	GlobalSection(ExtensibilityGlobals) = postSolution
		SolutionGuid = {8DD733C6-072C-4FAB-901C-334F4174D7D5}
	EndGlobalSection
EndGlobal
